<?xml version="1.0" encoding="UTF-8"?>
<CodeBlocks_project_file>
	<FileVersion major="1" minor="6"/>
	<Project>
		<Option title="Catch2"/>
		<Option makefile_is_custom="1"/>
		<Option compiler="gcc"/>
		<Option virtualFolders="CMake Files\;CMake Files\test\;CMake Files\test\lib\;CMake Files\test\lib\Catch2\;"/>
		<Build>
			<Target title="all">
				<Option working_dir="/home/dingyu/Desktop/mcss/test/lib/Catch2"/>
				<Option type="4"/>
				<MakeCommands>
					<Build command="/usr/bin/make -f &quot;/home/dingyu/Desktop/mcss/test/lib/Catch2/Makefile&quot;  VERBOSE=1 all"/>
					<CompileFile command="/usr/bin/make -f &quot;/home/dingyu/Desktop/mcss/test/lib/Catch2/Makefile&quot;  VERBOSE=1 &quot;$file&quot;"/>
					<Clean command="/usr/bin/make -f &quot;/home/dingyu/Desktop/mcss/test/lib/Catch2/Makefile&quot;  VERBOSE=1 clean"/>
					<DistClean command="/usr/bin/make -f &quot;/home/dingyu/Desktop/mcss/test/lib/Catch2/Makefile&quot;  VERBOSE=1 clean"/>
				</MakeCommands>
			</Target>
			<Target title="Catch2WithMain">
				<Option output="/home/dingyu/Desktop/mcss/test/lib/Catch2/libCatch2WithMain.a" prefix_auto="0" extension_auto="0"/>
				<Option working_dir="/home/dingyu/Desktop/mcss/test/lib/Catch2"/>
				<Option object_output="./"/>
				<Option type="2"/>
				<Option compiler="gcc"/>
				<Compiler>
					<Add option="-DSINGLE"/>
					<Add option="-DTEST=42"/>
					<Add directory="/home/dingyu/Desktop/mcss/test/lib/Catch2/single_include"/>
				</Compiler>
				<MakeCommands>
					<Build command="/usr/bin/make -f &quot;/home/dingyu/Desktop/mcss/test/lib/Catch2/Makefile&quot;  VERBOSE=1 Catch2WithMain"/>
					<CompileFile command="/usr/bin/make -f &quot;/home/dingyu/Desktop/mcss/test/lib/Catch2/Makefile&quot;  VERBOSE=1 &quot;$file&quot;"/>
					<Clean command="/usr/bin/make -f &quot;/home/dingyu/Desktop/mcss/test/lib/Catch2/Makefile&quot;  VERBOSE=1 clean"/>
					<DistClean command="/usr/bin/make -f &quot;/home/dingyu/Desktop/mcss/test/lib/Catch2/Makefile&quot;  VERBOSE=1 clean"/>
				</MakeCommands>
			</Target>
			<Target title="Catch2WithMain/fast">
				<Option output="/home/dingyu/Desktop/mcss/test/lib/Catch2/libCatch2WithMain.a" prefix_auto="0" extension_auto="0"/>
				<Option working_dir="/home/dingyu/Desktop/mcss/test/lib/Catch2"/>
				<Option object_output="./"/>
				<Option type="2"/>
				<Option compiler="gcc"/>
				<Compiler>
					<Add option="-DSINGLE"/>
					<Add option="-DTEST=42"/>
					<Add directory="/home/dingyu/Desktop/mcss/test/lib/Catch2/single_include"/>
				</Compiler>
				<MakeCommands>
					<Build command="/usr/bin/make -f &quot;/home/dingyu/Desktop/mcss/test/lib/Catch2/Makefile&quot;  VERBOSE=1 Catch2WithMain/fast"/>
					<CompileFile command="/usr/bin/make -f &quot;/home/dingyu/Desktop/mcss/test/lib/Catch2/Makefile&quot;  VERBOSE=1 &quot;$file&quot;"/>
					<Clean command="/usr/bin/make -f &quot;/home/dingyu/Desktop/mcss/test/lib/Catch2/Makefile&quot;  VERBOSE=1 clean"/>
					<DistClean command="/usr/bin/make -f &quot;/home/dingyu/Desktop/mcss/test/lib/Catch2/Makefile&quot;  VERBOSE=1 clean"/>
				</MakeCommands>
			</Target>
		</Build>
		<Unit filename="/home/dingyu/Desktop/mcss/test/lib/Catch2/src/catch_with_main.cpp">
			<Option target="Catch2WithMain"/>
		</Unit>
		<Unit filename="/home/dingyu/Desktop/mcss/CMakeLists.txt">
			<Option virtualFolder="CMake Files\"/>
		</Unit>
		<Unit filename="/home/dingyu/Desktop/mcss/test/CMakeLists.txt">
			<Option virtualFolder="CMake Files\test\"/>
		</Unit>
		<Unit filename="/home/dingyu/Desktop/mcss/test/lib/Catch2/CMakeLists.txt">
			<Option virtualFolder="CMake Files\test\lib\Catch2\"/>
		</Unit>
	</Project>
</CodeBlocks_project_file>
